
Microsoft Visual Studio Solution File, Format Version 12.00
# Visual Studio Version 16
VisualStudioVersion = 16.0.31729.503
MinimumVisualStudioVersion = 10.0.40219.1
Project("{FAE04EC0-301F-11D3-BF4B-00C04F79EFBC}") = "asalsayılar", "asalsayılar\asalsayılar.csproj", "{0851B0E4-0202-4C72-880E-E4608820C70D}"
EndProject
Project("{2150E333-8FDC-42A3-9474-1A3956D46DE8}") = "NewFolder1", "NewFolder1", "{66F1F516-A5B5-4F65-B2EB-9F1F852212FD}"
EndProject
Global
	GlobalSection(SolutionConfigurationPlatforms) = preSolution
		Debug|Any CPU = Debug|Any CPU
		Release|Any CPU = Release|Any CPU
	EndGlobalSection
	GlobalSection(ProjectConfigurationPlatforms) = postSolution
		{0851B0E4-0202-4C72-880E-E4608820C70D}.Debug|Any CPU.ActiveCfg = Debug|Any CPU
		{0851B0E4-0202-4C72-880E-E4608820C70D}.Debug|Any CPU.Build.0 = Debug|Any CPU
		{0851B0E4-0202-4C72-880E-E4608820C70D}.Release|Any CPU.ActiveCfg = Release|Any CPU
		{0851B0E4-0202-4C72-880E-E4608820C70D}.Release|Any CPU.Build.0 = Release|Any CPU
	EndGlobalSection
	GlobalSection(SolutionProperties) = preSolution
		HideSolutionNode = FALSE
	EndGlobalSection
	GlobalSection(ExtensibilityGlobals) = postSolution
		SolutionGuid = {F3910C15-75C9-4B8A-B79B-1FFEF515B13F}
	EndGlobalSection
EndGlobal
